schema: '2.0'
stages:
  validate:
    cmd: python src/data_validation.py
    deps:
    - path: data/raw/reviews.csv
      hash: md5
      md5: 1db8b3f3c5ae65ff476ac886a34cb946
      size: 1709
  preprocess:
    cmd: python src/preprocessing.py
    deps:
    - path: data/raw/reviews.csv
      hash: md5
      md5: 1db8b3f3c5ae65ff476ac886a34cb946
      size: 1709
    outs:
    - path: data/processed/clean.csv
      hash: md5
      md5: 86e0655a7fd50be323449af65f43e014
      size: 1706
  train:
    cmd: python src/train.py
    deps:
    - path: data/processed/clean.csv
      hash: md5
      md5: 86e0655a7fd50be323449af65f43e014
      size: 1706
    outs:
    - path: models/model.pkl
      hash: md5
      md5: 40856c7cb982133f92893d1ca29ad64e
      size: 6637
